
Microsoft Visual Studio Solution File, Format Version 12.00
# Visual Studio 2012
Project("{FAE04EC0-301F-11D3-BF4B-00C04F79EFBC}") = "Zapateria", "Zapateria\Zapateria.csproj", "{03FE00B5-66BB-488D-AA23-6720839D19FD}"
EndProject
Global
	GlobalSection(SolutionConfigurationPlatforms) = preSolution
		Debug|Any CPU = Debug|Any CPU
		Release|Any CPU = Release|Any CPU
	EndGlobalSection
	GlobalSection(ProjectConfigurationPlatforms) = postSolution
		{03FE00B5-66BB-488D-AA23-6720839D19FD}.Debug|Any CPU.ActiveCfg = Debug|Any CPU
		{03FE00B5-66BB-488D-AA23-6720839D19FD}.Debug|Any CPU.Build.0 = Debug|Any CPU
		{03FE00B5-66BB-488D-AA23-6720839D19FD}.Release|Any CPU.ActiveCfg = Release|Any CPU
		{03FE00B5-66BB-488D-AA23-6720839D19FD}.Release|Any CPU.Build.0 = Release|Any CPU
	EndGlobalSection
	GlobalSection(SolutionProperties) = preSolution
		HideSolutionNode = FALSE
	EndGlobalSection
EndGlobal
